
Microsoft Visual Studio Solution File, Format Version 12.00
# Visual Studio Version 16
VisualStudioVersion = 16.0.29920.165
MinimumVisualStudioVersion = 10.0.40219.1
Project("{9A19103F-16F7-4668-BE54-9A1E7A4F7556}") = "Enm3gppToCsvKVPNetCore", "Enm3gppToCsvKVPNetCore\Enm3gppToCsvKVPNetCore.csproj", "{565367CB-A3AF-4E8B-BD7E-AC36168C9A34}"
EndProject
Project("{9A19103F-16F7-4668-BE54-9A1E7A4F7556}") = "GExportToKVPNetCore", "GExportToKVPNetCore\GExportToKVPNetCore.csproj", "{AF06D0A4-40C8-454A-8FEF-BBFE63AF16AA}"
EndProject
Project("{9A19103F-16F7-4668-BE54-9A1E7A4F7556}") = "HuaweiModelParser", "HuaweiModelParser\HuaweiModelParser.csproj", "{70258C85-A26E-4F2A-84B4-F0174705A49C}"
EndProject
Project("{9A19103F-16F7-4668-BE54-9A1E7A4F7556}") = "CnaiToSQLiteKvp", "CnaiToSQLiteKvp\CnaiToSQLiteKvp.csproj", "{F6ADAAB1-32EB-4AAF-811B-4C635A2BD69B}"
EndProject
Project("{9A19103F-16F7-4668-BE54-9A1E7A4F7556}") = "CoreLoader", "CoreLoader\CoreLoader.csproj", "{2362A761-82EE-44BF-8AE9-2632C5206A5A}"
EndProject
Global
	GlobalSection(SolutionConfigurationPlatforms) = preSolution
		Debug|Any CPU = Debug|Any CPU
		Release|Any CPU = Release|Any CPU
	EndGlobalSection
	GlobalSection(ProjectConfigurationPlatforms) = postSolution
		{565367CB-A3AF-4E8B-BD7E-AC36168C9A34}.Debug|Any CPU.ActiveCfg = Debug|Any CPU
		{565367CB-A3AF-4E8B-BD7E-AC36168C9A34}.Debug|Any CPU.Build.0 = Debug|Any CPU
		{565367CB-A3AF-4E8B-BD7E-AC36168C9A34}.Release|Any CPU.ActiveCfg = Release|Any CPU
		{565367CB-A3AF-4E8B-BD7E-AC36168C9A34}.Release|Any CPU.Build.0 = Release|Any CPU
		{AF06D0A4-40C8-454A-8FEF-BBFE63AF16AA}.Debug|Any CPU.ActiveCfg = Debug|Any CPU
		{AF06D0A4-40C8-454A-8FEF-BBFE63AF16AA}.Debug|Any CPU.Build.0 = Debug|Any CPU
		{AF06D0A4-40C8-454A-8FEF-BBFE63AF16AA}.Release|Any CPU.ActiveCfg = Release|Any CPU
		{AF06D0A4-40C8-454A-8FEF-BBFE63AF16AA}.Release|Any CPU.Build.0 = Release|Any CPU
		{70258C85-A26E-4F2A-84B4-F0174705A49C}.Debug|Any CPU.ActiveCfg = Debug|Any CPU
		{70258C85-A26E-4F2A-84B4-F0174705A49C}.Debug|Any CPU.Build.0 = Debug|Any CPU
		{70258C85-A26E-4F2A-84B4-F0174705A49C}.Release|Any CPU.ActiveCfg = Release|Any CPU
		{70258C85-A26E-4F2A-84B4-F0174705A49C}.Release|Any CPU.Build.0 = Release|Any CPU
		{F6ADAAB1-32EB-4AAF-811B-4C635A2BD69B}.Debug|Any CPU.ActiveCfg = Debug|Any CPU
		{F6ADAAB1-32EB-4AAF-811B-4C635A2BD69B}.Debug|Any CPU.Build.0 = Debug|Any CPU
		{F6ADAAB1-32EB-4AAF-811B-4C635A2BD69B}.Release|Any CPU.ActiveCfg = Release|Any CPU
		{F6ADAAB1-32EB-4AAF-811B-4C635A2BD69B}.Release|Any CPU.Build.0 = Release|Any CPU
		{2362A761-82EE-44BF-8AE9-2632C5206A5A}.Debug|Any CPU.ActiveCfg = Debug|Any CPU
		{2362A761-82EE-44BF-8AE9-2632C5206A5A}.Debug|Any CPU.Build.0 = Debug|Any CPU
		{2362A761-82EE-44BF-8AE9-2632C5206A5A}.Release|Any CPU.ActiveCfg = Release|Any CPU
		{2362A761-82EE-44BF-8AE9-2632C5206A5A}.Release|Any CPU.Build.0 = Release|Any CPU
	EndGlobalSection
	GlobalSection(SolutionProperties) = preSolution
		HideSolutionNode = FALSE
	EndGlobalSection
	GlobalSection(ExtensibilityGlobals) = postSolution
		SolutionGuid = {70CB6D79-88FA-44D1-A6F6-3AFC5B718A6C}
	EndGlobalSection
EndGlobal
